
Microsoft Visual Studio Solution File, Format Version 12.00
# Visual Studio Version 17
VisualStudioVersion = 17.2.32505.173
MinimumVisualStudioVersion = 10.0.40219.1
Project("{9A19103F-16F7-4668-BE54-9A1E7A4F7556}") = "FactoryMethod", "FactoryMethod\FactoryMethod.csproj", "{28B1C6CD-20CE-4F4A-B777-4CF51D052B8F}"
EndProject
Project("{9A19103F-16F7-4668-BE54-9A1E7A4F7556}") = "AbstractFactory", "AbstractFactory\AbstractFactory.csproj", "{77BBEC07-FDC7-4DCC-AE76-B58D189DCAF9}"
EndProject
Project("{9A19103F-16F7-4668-BE54-9A1E7A4F7556}") = "_ProjectSelector", "_ProjectSelector\_ProjectSelector.csproj", "{14FE132D-01B7-4DF2-AFC4-78681C78CA60}"
EndProject
Project("{FAE04EC0-301F-11D3-BF4B-00C04F79EFBC}") = "SimpleFactory", "SimpleFactory\SimpleFactory.csproj", "{9F3C8A55-1B53-45C2-8B3B-6B066B2497EC}"
EndProject
Global
	GlobalSection(SolutionConfigurationPlatforms) = preSolution
		Debug|Any CPU = Debug|Any CPU
		Release|Any CPU = Release|Any CPU
	EndGlobalSection
	GlobalSection(ProjectConfigurationPlatforms) = postSolution
		{28B1C6CD-20CE-4F4A-B777-4CF51D052B8F}.Debug|Any CPU.ActiveCfg = Debug|Any CPU
		{28B1C6CD-20CE-4F4A-B777-4CF51D052B8F}.Debug|Any CPU.Build.0 = Debug|Any CPU
		{28B1C6CD-20CE-4F4A-B777-4CF51D052B8F}.Release|Any CPU.ActiveCfg = Release|Any CPU
		{28B1C6CD-20CE-4F4A-B777-4CF51D052B8F}.Release|Any CPU.Build.0 = Release|Any CPU
		{77BBEC07-FDC7-4DCC-AE76-B58D189DCAF9}.Debug|Any CPU.ActiveCfg = Debug|Any CPU
		{77BBEC07-FDC7-4DCC-AE76-B58D189DCAF9}.Debug|Any CPU.Build.0 = Debug|Any CPU
		{77BBEC07-FDC7-4DCC-AE76-B58D189DCAF9}.Release|Any CPU.ActiveCfg = Release|Any CPU
		{77BBEC07-FDC7-4DCC-AE76-B58D189DCAF9}.Release|Any CPU.Build.0 = Release|Any CPU
		{14FE132D-01B7-4DF2-AFC4-78681C78CA60}.Debug|Any CPU.ActiveCfg = Debug|Any CPU
		{14FE132D-01B7-4DF2-AFC4-78681C78CA60}.Debug|Any CPU.Build.0 = Debug|Any CPU
		{14FE132D-01B7-4DF2-AFC4-78681C78CA60}.Release|Any CPU.ActiveCfg = Release|Any CPU
		{14FE132D-01B7-4DF2-AFC4-78681C78CA60}.Release|Any CPU.Build.0 = Release|Any CPU
		{9F3C8A55-1B53-45C2-8B3B-6B066B2497EC}.Debug|Any CPU.ActiveCfg = Debug|Any CPU
		{9F3C8A55-1B53-45C2-8B3B-6B066B2497EC}.Debug|Any CPU.Build.0 = Debug|Any CPU
		{9F3C8A55-1B53-45C2-8B3B-6B066B2497EC}.Release|Any CPU.ActiveCfg = Release|Any CPU
		{9F3C8A55-1B53-45C2-8B3B-6B066B2497EC}.Release|Any CPU.Build.0 = Release|Any CPU
	EndGlobalSection
	GlobalSection(SolutionProperties) = preSolution
		HideSolutionNode = FALSE
	EndGlobalSection
	GlobalSection(ExtensibilityGlobals) = postSolution
		SolutionGuid = {9CB3F6E2-99BE-4CD2-A25D-C4B07FB771E3}
	EndGlobalSection
EndGlobal
